Microsoft Visual Studio Solution File, Format Version 12.00
# Visual Studio Version 17
VisualStudioVersion = 17.0.31903.59
MinimumVisualStudioVersion = 10.0.40219.1
Project("{FAE04EC0-301F-11D3-BF4B-00C04F79EFBC}") = "MoMoWhisper.Windows.Core", "src\MoMoWhisper.Windows.Core\MoMoWhisper.Windows.Core.csproj", "{1AF4E61B-703B-46F6-A64C-A7FCF180E21D}"
EndProject
Project("{FAE04EC0-301F-11D3-BF4B-00C04F79EFBC}") = "MoMoWhisper.Windows", "src\MoMoWhisper.Windows\MoMoWhisper.Windows.csproj", "{9B291EE7-F496-4EF4-83C3-F90A9E747F18}"
EndProject
Project("{FAE04EC0-301F-11D3-BF4B-00C04F79EFBC}") = "MoMoWhisper.Windows.Core.Tests", "tests\MoMoWhisper.Windows.Core.Tests\MoMoWhisper.Windows.Core.Tests.csproj", "{8E52D4A5-B0DA-4C86-A29E-D39E6F6B15B4}"
EndProject
Global
	GlobalSection(SolutionConfigurationPlatforms) = preSolution
		Debug|Any CPU = Debug|Any CPU
		Release|Any CPU = Release|Any CPU
	EndGlobalSection
	GlobalSection(ProjectConfigurationPlatforms) = postSolution
		{1AF4E61B-703B-46F6-A64C-A7FCF180E21D}.Debug|Any CPU.ActiveCfg = Debug|Any CPU
		{1AF4E61B-703B-46F6-A64C-A7FCF180E21D}.Debug|Any CPU.Build.0 = Debug|Any CPU
		{1AF4E61B-703B-46F6-A64C-A7FCF180E21D}.Release|Any CPU.ActiveCfg = Release|Any CPU
		{1AF4E61B-703B-46F6-A64C-A7FCF180E21D}.Release|Any CPU.Build.0 = Release|Any CPU
		{9B291EE7-F496-4EF4-83C3-F90A9E747F18}.Debug|Any CPU.ActiveCfg = Debug|Any CPU
		{9B291EE7-F496-4EF4-83C3-F90A9E747F18}.Debug|Any CPU.Build.0 = Debug|Any CPU
		{9B291EE7-F496-4EF4-83C3-F90A9E747F18}.Release|Any CPU.ActiveCfg = Release|Any CPU
		{9B291EE7-F496-4EF4-83C3-F90A9E747F18}.Release|Any CPU.Build.0 = Release|Any CPU
		{8E52D4A5-B0DA-4C86-A29E-D39E6F6B15B4}.Debug|Any CPU.ActiveCfg = Debug|Any CPU
		{8E52D4A5-B0DA-4C86-A29E-D39E6F6B15B4}.Debug|Any CPU.Build.0 = Debug|Any CPU
		{8E52D4A5-B0DA-4C86-A29E-D39E6F6B15B4}.Release|Any CPU.ActiveCfg = Release|Any CPU
		{8E52D4A5-B0DA-4C86-A29E-D39E6F6B15B4}.Release|Any CPU.Build.0 = Release|Any CPU
	EndGlobalSection
EndGlobal
